Microsoft Visual Studio Solution File, Format Version 12.00
# Visual Studio Version 17
VisualStudioVersion = 17.5.2.0
MinimumVisualStudioVersion = 10.0.40219.1
Project("{2150E333-8FDC-42A3-9474-1A3956D46DE8}") = "az-204", "az-204", "{594F6F2A-19E7-0091-DE70-8B627599D487}"
EndProject
Project("{2150E333-8FDC-42A3-9474-1A3956D46DE8}") = "azure-functions", "azure-functions", "{230123A6-88BD-E5A3-3A6E-E911AF3CFE6C}"
EndProject
Project("{2150E333-8FDC-42A3-9474-1A3956D46DE8}") = "apps", "apps", "{6C392804-DF0B-5E0B-5AE0-7FEE6D28FDA9}"
EndProject
Project("{FAE04EC0-301F-11D3-BF4B-00C04F79EFBC}") = "DotnetBasedFunctions", "az-204\azure-functions\apps\DotnetBasedFunctions\DotnetBasedFunctions.csproj", "{4E711CDE-323F-476B-2FB3-0F1CEA9FB7DD}"
EndProject
Project("{2150E333-8FDC-42A3-9474-1A3956D46DE8}") = "DotnetBasedFunctions (1)", "DotnetBasedFunctions (1)", "{E590A8DD-27AE-B856-85FD-5093A4DB19E3}"
EndProject
Project("{2150E333-8FDC-42A3-9474-1A3956D46DE8}") = "obj", "obj", "{ED918C8F-199E-F1FB-FF9F-7C754584EEDB}"
EndProject
Project("{2150E333-8FDC-42A3-9474-1A3956D46DE8}") = "Debug", "Debug", "{F957319F-1C05-9E1A-F3A1-4FDC89DF26F3}"
EndProject
Project("{2150E333-8FDC-42A3-9474-1A3956D46DE8}") = "net8.0", "net8.0", "{8E2691FA-49C8-C35A-995F-6AD701653661}"
EndProject
Project("{FAE04EC0-301F-11D3-BF4B-00C04F79EFBC}") = "WorkerExtensions", "az-204\azure-functions\apps\DotnetBasedFunctions\obj\Debug\net8.0\WorkerExtensions\WorkerExtensions.csproj", "{565098D8-BA04-AD45-6A6F-63428E0F48DF}"
EndProject
Project("{2150E333-8FDC-42A3-9474-1A3956D46DE8}") = "net9.0", "net9.0", "{E9818125-7430-CC2E-D99A-DBA5656D4991}"
EndProject
Project("{FAE04EC0-301F-11D3-BF4B-00C04F79EFBC}") = "WorkerExtensions", "az-204\azure-functions\apps\DotnetBasedFunctions\obj\Debug\net9.0\WorkerExtensions\WorkerExtensions.csproj", "{49987BBE-4928-D831-CE06-0A1D4E1F52B8}"
EndProject
Project("{2150E333-8FDC-42A3-9474-1A3956D46DE8}") = "Release", "Release", "{D081BEC9-D458-FD6B-B122-8DCCDC2FC3AF}"
EndProject
Project("{2150E333-8FDC-42A3-9474-1A3956D46DE8}") = "net9.0", "net9.0", "{74343171-849E-A9FC-E69E-8053770711B7}"
EndProject
Project("{FAE04EC0-301F-11D3-BF4B-00C04F79EFBC}") = "WorkerExtensions", "az-204\azure-functions\apps\DotnetBasedFunctions\obj\Release\net9.0\WorkerExtensions\WorkerExtensions.csproj", "{DFB2245F-9F9B-BBCB-62AB-3D6568F2554B}"
EndProject
Global
	GlobalSection(SolutionConfigurationPlatforms) = preSolution
		Debug|Any CPU = Debug|Any CPU
		Release|Any CPU = Release|Any CPU
	EndGlobalSection
	GlobalSection(ProjectConfigurationPlatforms) = postSolution
		{4E711CDE-323F-476B-2FB3-0F1CEA9FB7DD}.Debug|Any CPU.ActiveCfg = Debug|Any CPU
		{4E711CDE-323F-476B-2FB3-0F1CEA9FB7DD}.Debug|Any CPU.Build.0 = Debug|Any CPU
		{4E711CDE-323F-476B-2FB3-0F1CEA9FB7DD}.Release|Any CPU.ActiveCfg = Release|Any CPU
		{4E711CDE-323F-476B-2FB3-0F1CEA9FB7DD}.Release|Any CPU.Build.0 = Release|Any CPU
		{565098D8-BA04-AD45-6A6F-63428E0F48DF}.Debug|Any CPU.ActiveCfg = Debug|Any CPU
		{565098D8-BA04-AD45-6A6F-63428E0F48DF}.Debug|Any CPU.Build.0 = Debug|Any CPU
		{565098D8-BA04-AD45-6A6F-63428E0F48DF}.Release|Any CPU.ActiveCfg = Release|Any CPU
		{565098D8-BA04-AD45-6A6F-63428E0F48DF}.Release|Any CPU.Build.0 = Release|Any CPU
		{49987BBE-4928-D831-CE06-0A1D4E1F52B8}.Debug|Any CPU.ActiveCfg = Debug|Any CPU
		{49987BBE-4928-D831-CE06-0A1D4E1F52B8}.Debug|Any CPU.Build.0 = Debug|Any CPU
		{49987BBE-4928-D831-CE06-0A1D4E1F52B8}.Release|Any CPU.ActiveCfg = Release|Any CPU
		{49987BBE-4928-D831-CE06-0A1D4E1F52B8}.Release|Any CPU.Build.0 = Release|Any CPU
		{DFB2245F-9F9B-BBCB-62AB-3D6568F2554B}.Debug|Any CPU.ActiveCfg = Debug|Any CPU
		{DFB2245F-9F9B-BBCB-62AB-3D6568F2554B}.Debug|Any CPU.Build.0 = Debug|Any CPU
		{DFB2245F-9F9B-BBCB-62AB-3D6568F2554B}.Release|Any CPU.ActiveCfg = Release|Any CPU
		{DFB2245F-9F9B-BBCB-62AB-3D6568F2554B}.Release|Any CPU.Build.0 = Release|Any CPU
	EndGlobalSection
	GlobalSection(SolutionProperties) = preSolution
		HideSolutionNode = FALSE
	EndGlobalSection
	GlobalSection(NestedProjects) = preSolution
		{230123A6-88BD-E5A3-3A6E-E911AF3CFE6C} = {594F6F2A-19E7-0091-DE70-8B627599D487}
		{6C392804-DF0B-5E0B-5AE0-7FEE6D28FDA9} = {230123A6-88BD-E5A3-3A6E-E911AF3CFE6C}
		{4E711CDE-323F-476B-2FB3-0F1CEA9FB7DD} = {6C392804-DF0B-5E0B-5AE0-7FEE6D28FDA9}
		{E590A8DD-27AE-B856-85FD-5093A4DB19E3} = {6C392804-DF0B-5E0B-5AE0-7FEE6D28FDA9}
		{ED918C8F-199E-F1FB-FF9F-7C754584EEDB} = {E590A8DD-27AE-B856-85FD-5093A4DB19E3}
		{F957319F-1C05-9E1A-F3A1-4FDC89DF26F3} = {ED918C8F-199E-F1FB-FF9F-7C754584EEDB}
		{8E2691FA-49C8-C35A-995F-6AD701653661} = {F957319F-1C05-9E1A-F3A1-4FDC89DF26F3}
		{565098D8-BA04-AD45-6A6F-63428E0F48DF} = {8E2691FA-49C8-C35A-995F-6AD701653661}
		{E9818125-7430-CC2E-D99A-DBA5656D4991} = {F957319F-1C05-9E1A-F3A1-4FDC89DF26F3}
		{49987BBE-4928-D831-CE06-0A1D4E1F52B8} = {E9818125-7430-CC2E-D99A-DBA5656D4991}
		{D081BEC9-D458-FD6B-B122-8DCCDC2FC3AF} = {ED918C8F-199E-F1FB-FF9F-7C754584EEDB}
		{74343171-849E-A9FC-E69E-8053770711B7} = {D081BEC9-D458-FD6B-B122-8DCCDC2FC3AF}
		{DFB2245F-9F9B-BBCB-62AB-3D6568F2554B} = {74343171-849E-A9FC-E69E-8053770711B7}
	EndGlobalSection
	GlobalSection(ExtensibilityGlobals) = postSolution
		SolutionGuid = {8A1F3A74-A65A-4118-B21E-9391F5229AF2}
	EndGlobalSection
EndGlobal
